
Microsoft Visual Studio Solution File, Format Version 12.00
Project("{FAE04EC0-301F-11D3-BF4B-00C04F79EFBC}") = "Alpha.Reservation.API", "Alpha.Reservation.API\Alpha.Reservation.API.csproj", "{77060B57-33D9-4F6D-A675-9B25E66F3EBD}"
EndProject
Project("{FAE04EC0-301F-11D3-BF4B-00C04F79EFBC}") = "Alpha.Reservation.App", "Alpha.Reservation.App\Alpha.Reservation.App.csproj", "{7803E65D-9728-4174-B35D-53561469CAFF}"
EndProject
Project("{FAE04EC0-301F-11D3-BF4B-00C04F79EFBC}") = "Alpha.Reservation.Data", "Alpha.Reservation.Data\Alpha.Reservation.Data.csproj", "{DC809865-2FA9-4F8E-805A-AB0F61398F2B}"
EndProject
Project("{FAE04EC0-301F-11D3-BF4B-00C04F79EFBC}") = "Alpha.Reservation.Extensions", "Alpha.Reservation.Extensions\Alpha.Reservation.Extensions.csproj", "{8DE80FA3-0797-4871-83D1-F626E03E8F07}"
EndProject
Global
	GlobalSection(SolutionConfigurationPlatforms) = preSolution
		Debug|Any CPU = Debug|Any CPU
		Release|Any CPU = Release|Any CPU
	EndGlobalSection
	GlobalSection(ProjectConfigurationPlatforms) = postSolution
		{77060B57-33D9-4F6D-A675-9B25E66F3EBD}.Debug|Any CPU.ActiveCfg = Debug|Any CPU
		{77060B57-33D9-4F6D-A675-9B25E66F3EBD}.Debug|Any CPU.Build.0 = Debug|Any CPU
		{77060B57-33D9-4F6D-A675-9B25E66F3EBD}.Release|Any CPU.ActiveCfg = Release|Any CPU
		{77060B57-33D9-4F6D-A675-9B25E66F3EBD}.Release|Any CPU.Build.0 = Release|Any CPU
		{7803E65D-9728-4174-B35D-53561469CAFF}.Debug|Any CPU.ActiveCfg = Debug|Any CPU
		{7803E65D-9728-4174-B35D-53561469CAFF}.Debug|Any CPU.Build.0 = Debug|Any CPU
		{7803E65D-9728-4174-B35D-53561469CAFF}.Release|Any CPU.ActiveCfg = Release|Any CPU
		{7803E65D-9728-4174-B35D-53561469CAFF}.Release|Any CPU.Build.0 = Release|Any CPU
		{DC809865-2FA9-4F8E-805A-AB0F61398F2B}.Debug|Any CPU.ActiveCfg = Debug|Any CPU
		{DC809865-2FA9-4F8E-805A-AB0F61398F2B}.Debug|Any CPU.Build.0 = Debug|Any CPU
		{DC809865-2FA9-4F8E-805A-AB0F61398F2B}.Release|Any CPU.ActiveCfg = Release|Any CPU
		{DC809865-2FA9-4F8E-805A-AB0F61398F2B}.Release|Any CPU.Build.0 = Release|Any CPU
		{8DE80FA3-0797-4871-83D1-F626E03E8F07}.Debug|Any CPU.ActiveCfg = Debug|Any CPU
		{8DE80FA3-0797-4871-83D1-F626E03E8F07}.Debug|Any CPU.Build.0 = Debug|Any CPU
		{8DE80FA3-0797-4871-83D1-F626E03E8F07}.Release|Any CPU.ActiveCfg = Release|Any CPU
		{8DE80FA3-0797-4871-83D1-F626E03E8F07}.Release|Any CPU.Build.0 = Release|Any CPU
	EndGlobalSection
EndGlobal
